Microsoft Visual Studio Solution File, Format Version 12.00# Visual Studio 15VisualStudioVersion = 15.0.27703.2000MinimumVisualStudioVersion = 10.0.40219.1Project("{FAE04EC0-301F-11D3-BF4B-00C04F79EFBC}") = "TestEmptyApp.Entities", "TestEmptyApp.Entities\TestEmptyApp.Entities.csproj", "{BC800653-036A-4F1E-BA93-53692BBB1B07}"EndProjectProject("{FAE04EC0-301F-11D3-BF4B-00C04F79EFBC}") = "TestEmptyApp.Daos.Interfaces", "TestEmptyApp.Daos.Interfaces\TestEmptyApp.Daos.Interfaces.csproj", "{8B11A7E9-4379-4E29-AA1A-3386586AFD51}"EndProjectProject("{FAE04EC0-301F-11D3-BF4B-00C04F79EFBC}") = "TestEmptyApp.Services.Interfaces", "TestEmptyApp.Services.Interfaces\TestEmptyApp.Services.Interfaces.csproj", "{6FA3D533-55EF-48C1-B7A8-36B54A4F1BF0}"EndProjectProject("{FAE04EC0-301F-11D3-BF4B-00C04F79EFBC}") = "TestEmptyApp.Daos", "TestEmptyApp.Daos\TestEmptyApp.Daos.csproj", "{CC6C04A2-9FCF-4ACA-9CB2-4E11DD480088}"EndProjectProject("{FAE04EC0-301F-11D3-BF4B-00C04F79EFBC}") = "TestEmptyApp.Services", "TestEmptyApp.Services\TestEmptyApp.Services.csproj", "{7C12E299-3805-479C-933A-662C26C6C604}"EndProjectProject("{FAE04EC0-301F-11D3-BF4B-00C04F79EFBC}") = "TestEmptyApp.Web", "TestEmptyApp.Web\TestEmptyApp.Web.csproj", "{DB3D312F-91AB-4A2D-BCE4-96D20DC705DF}"EndProjectProject("{FAE04EC0-301F-11D3-BF4B-00C04F79EFBC}") = "TestEmptyApp.WebApi", "TestEmptyApp.WebApi\TestEmptyApp.WebApi.csproj", "{F1010E3D-A44E-49E1-B4CD-574C26F93395}"EndProjectGlobal	GlobalSection(SolutionConfigurationPlatforms) = preSolution		Debug|Any CPU = Debug|Any CPU		Release|Any CPU = Release|Any CPU	EndGlobalSection	GlobalSection(ProjectConfigurationPlatforms) = postSolution		{BC800653-036A-4F1E-BA93-53692BBB1B07}.Debug|Any CPU.ActiveCfg = Debug|Any CPU		{BC800653-036A-4F1E-BA93-53692BBB1B07}.Debug|Any CPU.Build.0 = Debug|Any CPU		{BC800653-036A-4F1E-BA93-53692BBB1B07}.Release|Any CPU.ActiveCfg = Release|Any CPU		{BC800653-036A-4F1E-BA93-53692BBB1B07}.Release|Any CPU.Build.0 = Release|Any CPU		{8B11A7E9-4379-4E29-AA1A-3386586AFD51}.Debug|Any CPU.ActiveCfg = Debug|Any CPU		{8B11A7E9-4379-4E29-AA1A-3386586AFD51}.Debug|Any CPU.Build.0 = Debug|Any CPU		{8B11A7E9-4379-4E29-AA1A-3386586AFD51}.Release|Any CPU.ActiveCfg = Release|Any CPU		{8B11A7E9-4379-4E29-AA1A-3386586AFD51}.Release|Any CPU.Build.0 = Release|Any CPU		{6FA3D533-55EF-48C1-B7A8-36B54A4F1BF0}.Debug|Any CPU.ActiveCfg = Debug|Any CPU		{6FA3D533-55EF-48C1-B7A8-36B54A4F1BF0}.Debug|Any CPU.Build.0 = Debug|Any CPU		{6FA3D533-55EF-48C1-B7A8-36B54A4F1BF0}.Release|Any CPU.ActiveCfg = Release|Any CPU		{6FA3D533-55EF-48C1-B7A8-36B54A4F1BF0}.Release|Any CPU.Build.0 = Release|Any CPU		{CC6C04A2-9FCF-4ACA-9CB2-4E11DD480088}.Debug|Any CPU.ActiveCfg = Debug|Any CPU		{CC6C04A2-9FCF-4ACA-9CB2-4E11DD480088}.Debug|Any CPU.Build.0 = Debug|Any CPU		{CC6C04A2-9FCF-4ACA-9CB2-4E11DD480088}.Release|Any CPU.ActiveCfg = Release|Any CPU		{CC6C04A2-9FCF-4ACA-9CB2-4E11DD480088}.Release|Any CPU.Build.0 = Release|Any CPU		{7C12E299-3805-479C-933A-662C26C6C604}.Debug|Any CPU.ActiveCfg = Debug|Any CPU		{7C12E299-3805-479C-933A-662C26C6C604}.Debug|Any CPU.Build.0 = Debug|Any CPU		{7C12E299-3805-479C-933A-662C26C6C604}.Release|Any CPU.ActiveCfg = Release|Any CPU		{7C12E299-3805-479C-933A-662C26C6C604}.Release|Any CPU.Build.0 = Release|Any CPU		{DB3D312F-91AB-4A2D-BCE4-96D20DC705DF}.Debug|Any CPU.ActiveCfg = Debug|Any CPU		{DB3D312F-91AB-4A2D-BCE4-96D20DC705DF}.Debug|Any CPU.Build.0 = Debug|Any CPU		{DB3D312F-91AB-4A2D-BCE4-96D20DC705DF}.Release|Any CPU.ActiveCfg = Release|Any CPU		{DB3D312F-91AB-4A2D-BCE4-96D20DC705DF}.Release|Any CPU.Build.0 = Release|Any CPU		{F1010E3D-A44E-49E1-B4CD-574C26F93395}.Debug|Any CPU.ActiveCfg = Debug|Any CPU		{F1010E3D-A44E-49E1-B4CD-574C26F93395}.Debug|Any CPU.Build.0 = Debug|Any CPU		{F1010E3D-A44E-49E1-B4CD-574C26F93395}.Release|Any CPU.ActiveCfg = Release|Any CPU		{F1010E3D-A44E-49E1-B4CD-574C26F93395}.Release|Any CPU.Build.0 = Release|Any CPU	EndGlobalSection
	GlobalSection(SolutionProperties) = preSolution		HideSolutionNode = FALSE	EndGlobalSection	GlobalSection(ExtensibilityGlobals) = postSolution		SolutionGuid = {89FF3ADE-2D37-477A-8E4A-EFA0A810E46D}	EndGlobalSectionEndGlobal